
Microsoft Visual Studio Solution File, Format Version 12.00
# Visual Studio Version 16
VisualStudioVersion = 16.0.28729.10
MinimumVisualStudioVersion = 10.0.40219.1
Project("{2150E333-8FDC-42A3-9474-1A3956D46DE8}") = "Domain", "Domain", "{ECA5FAEC-2CED-4685-A03F-E5C7F0B2B51F}"
EndProject
Project("{9A19103F-16F7-4668-BE54-9A1E7A4F7556}") = "FormBuilder.Core.Domain", "FormBuilder.Core.Domain\FormBuilder.Core.Domain.csproj", "{6D43ECAC-0227-4CF9-BD1D-591602ECA381}"
EndProject
Project("{2150E333-8FDC-42A3-9474-1A3956D46DE8}") = "Core", "Core", "{F7DD4955-4C72-49B8-A2B5-F180BF47CD06}"
EndProject
Project("{9A19103F-16F7-4668-BE54-9A1E7A4F7556}") = "FormBuilder.Core.Domain.Test", "FormBuilder.Core.Domain.Test\FormBuilder.Core.Domain.Test.csproj", "{50989843-9F44-4714-80DE-552A20793EE6}"
EndProject
Project("{2150E333-8FDC-42A3-9474-1A3956D46DE8}") = "Data", "Data", "{55EFB61E-3005-47E8-88E0-9AA80523CCE0}"
EndProject
Project("{9A19103F-16F7-4668-BE54-9A1E7A4F7556}") = "FormBuilder.Core.Data", "FormBuilder.Core.Data\FormBuilder.Core.Data.csproj", "{E053A8D3-44C4-4B7B-A788-CAE982EEDE2C}"
EndProject
Project("{2150E333-8FDC-42A3-9474-1A3956D46DE8}") = "UI", "UI", "{12816AED-928D-4E7F-A8FB-0A1297E9EBE6}"
EndProject
Project("{9A19103F-16F7-4668-BE54-9A1E7A4F7556}") = "FormBuilder.Angular", "FormBuilder.Angular\FormBuilder.Angular.csproj", "{22872F4B-CD10-46D7-9106-09C2BAD2C446}"
EndProject
Project("{9A19103F-16F7-4668-BE54-9A1E7A4F7556}") = "FormBuilder.Core.Data.Test", "FormBuilder.Core.Data.Test\FormBuilder.Core.Data.Test.csproj", "{83D6F6B2-BC93-40A8-B9C4-50A0C6CAC960}"
EndProject
Project("{2150E333-8FDC-42A3-9474-1A3956D46DE8}") = "Application", "Application", "{A95F9B14-5C2F-4124-8C4C-4B88AC37CA1E}"
EndProject
Project("{FAE04EC0-301F-11D3-BF4B-00C04F79EFBC}") = "FormBuilder.Core.Application", "FormBuilder.Core.Application\FormBuilder.Core.Application.csproj", "{0823F88A-6D91-45EC-9E2A-73EE5B817D1A}"
EndProject
Project("{2150E333-8FDC-42A3-9474-1A3956D46DE8}") = "Shared", "Shared", "{6C274E93-BEE8-43E7-A1A9-E7873AFD9AF0}"
EndProject
Project("{FAE04EC0-301F-11D3-BF4B-00C04F79EFBC}") = "FormBuilder.Shared.IoC", "FormBuilder.Shared.IoC\FormBuilder.Shared.IoC.csproj", "{A70F8778-73EF-450E-8974-B1C2CED658B5}"
EndProject
Global
	GlobalSection(SolutionConfigurationPlatforms) = preSolution
		Debug|Any CPU = Debug|Any CPU
		Release|Any CPU = Release|Any CPU
	EndGlobalSection
	GlobalSection(ProjectConfigurationPlatforms) = postSolution
		{6D43ECAC-0227-4CF9-BD1D-591602ECA381}.Debug|Any CPU.ActiveCfg = Debug|Any CPU
		{6D43ECAC-0227-4CF9-BD1D-591602ECA381}.Debug|Any CPU.Build.0 = Debug|Any CPU
		{6D43ECAC-0227-4CF9-BD1D-591602ECA381}.Release|Any CPU.ActiveCfg = Release|Any CPU
		{6D43ECAC-0227-4CF9-BD1D-591602ECA381}.Release|Any CPU.Build.0 = Release|Any CPU
		{50989843-9F44-4714-80DE-552A20793EE6}.Debug|Any CPU.ActiveCfg = Debug|Any CPU
		{50989843-9F44-4714-80DE-552A20793EE6}.Debug|Any CPU.Build.0 = Debug|Any CPU
		{50989843-9F44-4714-80DE-552A20793EE6}.Release|Any CPU.ActiveCfg = Release|Any CPU
		{50989843-9F44-4714-80DE-552A20793EE6}.Release|Any CPU.Build.0 = Release|Any CPU
		{E053A8D3-44C4-4B7B-A788-CAE982EEDE2C}.Debug|Any CPU.ActiveCfg = Debug|Any CPU
		{E053A8D3-44C4-4B7B-A788-CAE982EEDE2C}.Debug|Any CPU.Build.0 = Debug|Any CPU
		{E053A8D3-44C4-4B7B-A788-CAE982EEDE2C}.Release|Any CPU.ActiveCfg = Release|Any CPU
		{E053A8D3-44C4-4B7B-A788-CAE982EEDE2C}.Release|Any CPU.Build.0 = Release|Any CPU
		{22872F4B-CD10-46D7-9106-09C2BAD2C446}.Debug|Any CPU.ActiveCfg = Debug|Any CPU
		{22872F4B-CD10-46D7-9106-09C2BAD2C446}.Debug|Any CPU.Build.0 = Debug|Any CPU
		{22872F4B-CD10-46D7-9106-09C2BAD2C446}.Release|Any CPU.ActiveCfg = Release|Any CPU
		{22872F4B-CD10-46D7-9106-09C2BAD2C446}.Release|Any CPU.Build.0 = Release|Any CPU
		{83D6F6B2-BC93-40A8-B9C4-50A0C6CAC960}.Debug|Any CPU.ActiveCfg = Debug|Any CPU
		{83D6F6B2-BC93-40A8-B9C4-50A0C6CAC960}.Debug|Any CPU.Build.0 = Debug|Any CPU
		{83D6F6B2-BC93-40A8-B9C4-50A0C6CAC960}.Release|Any CPU.ActiveCfg = Release|Any CPU
		{83D6F6B2-BC93-40A8-B9C4-50A0C6CAC960}.Release|Any CPU.Build.0 = Release|Any CPU
		{0823F88A-6D91-45EC-9E2A-73EE5B817D1A}.Debug|Any CPU.ActiveCfg = Debug|Any CPU
		{0823F88A-6D91-45EC-9E2A-73EE5B817D1A}.Debug|Any CPU.Build.0 = Debug|Any CPU
		{0823F88A-6D91-45EC-9E2A-73EE5B817D1A}.Release|Any CPU.ActiveCfg = Release|Any CPU
		{0823F88A-6D91-45EC-9E2A-73EE5B817D1A}.Release|Any CPU.Build.0 = Release|Any CPU
		{A70F8778-73EF-450E-8974-B1C2CED658B5}.Debug|Any CPU.ActiveCfg = Debug|Any CPU
		{A70F8778-73EF-450E-8974-B1C2CED658B5}.Debug|Any CPU.Build.0 = Debug|Any CPU
		{A70F8778-73EF-450E-8974-B1C2CED658B5}.Release|Any CPU.ActiveCfg = Release|Any CPU
		{A70F8778-73EF-450E-8974-B1C2CED658B5}.Release|Any CPU.Build.0 = Release|Any CPU
	EndGlobalSection
	GlobalSection(SolutionProperties) = preSolution
		HideSolutionNode = FALSE
	EndGlobalSection
	GlobalSection(NestedProjects) = preSolution
		{ECA5FAEC-2CED-4685-A03F-E5C7F0B2B51F} = {F7DD4955-4C72-49B8-A2B5-F180BF47CD06}
		{6D43ECAC-0227-4CF9-BD1D-591602ECA381} = {ECA5FAEC-2CED-4685-A03F-E5C7F0B2B51F}
		{50989843-9F44-4714-80DE-552A20793EE6} = {ECA5FAEC-2CED-4685-A03F-E5C7F0B2B51F}
		{55EFB61E-3005-47E8-88E0-9AA80523CCE0} = {F7DD4955-4C72-49B8-A2B5-F180BF47CD06}
		{E053A8D3-44C4-4B7B-A788-CAE982EEDE2C} = {55EFB61E-3005-47E8-88E0-9AA80523CCE0}
		{22872F4B-CD10-46D7-9106-09C2BAD2C446} = {12816AED-928D-4E7F-A8FB-0A1297E9EBE6}
		{83D6F6B2-BC93-40A8-B9C4-50A0C6CAC960} = {55EFB61E-3005-47E8-88E0-9AA80523CCE0}
		{A95F9B14-5C2F-4124-8C4C-4B88AC37CA1E} = {F7DD4955-4C72-49B8-A2B5-F180BF47CD06}
		{0823F88A-6D91-45EC-9E2A-73EE5B817D1A} = {A95F9B14-5C2F-4124-8C4C-4B88AC37CA1E}
		{A70F8778-73EF-450E-8974-B1C2CED658B5} = {6C274E93-BEE8-43E7-A1A9-E7873AFD9AF0}
	EndGlobalSection
	GlobalSection(ExtensibilityGlobals) = postSolution
		SolutionGuid = {C605085B-E87D-4971-AF76-DEBFF4CAE440}
	EndGlobalSection
EndGlobal
